
Microsoft Visual Studio Solution File, Format Version 12.00
# Visual Studio Version 17
VisualStudioVersion = 17.11.35327.3
MinimumVisualStudioVersion = 10.0.40219.1
Project("{FAE04EC0-301F-11D3-BF4B-00C04F79EFBC}") = "ConsoleApp111", "ConsoleApp111.csproj", "{06682D8C-CE76-47CB-AE7E-EC717BB06BBD}"
EndProject
Global
	GlobalSection(SolutionConfigurationPlatforms) = preSolution
		Debug|Any CPU = Debug|Any CPU
		Release|Any CPU = Release|Any CPU
	EndGlobalSection
	GlobalSection(ProjectConfigurationPlatforms) = postSolution
		{06682D8C-CE76-47CB-AE7E-EC717BB06BBD}.Debug|Any CPU.ActiveCfg = Debug|Any CPU
		{06682D8C-CE76-47CB-AE7E-EC717BB06BBD}.Debug|Any CPU.Build.0 = Debug|Any CPU
		{06682D8C-CE76-47CB-AE7E-EC717BB06BBD}.Release|Any CPU.ActiveCfg = Release|Any CPU
		{06682D8C-CE76-47CB-AE7E-EC717BB06BBD}.Release|Any CPU.Build.0 = Release|Any CPU
	EndGlobalSection
	GlobalSection(SolutionProperties) = preSolution
		HideSolutionNode = FALSE
	EndGlobalSection
	GlobalSection(ExtensibilityGlobals) = postSolution
		SolutionGuid = {359D0BA1-EAB2-4F27-9874-D2A8E5412E58}
	EndGlobalSection
EndGlobal
